
Microsoft Visual Studio Solution File, Format Version 12.00
# Visual Studio Version 16
VisualStudioVersion = 16.0.30114.105
MinimumVisualStudioVersion = 10.0.40219.1
Project("{FAE04EC0-301F-11D3-BF4B-00C04F79EFBC}") = "SharpBar.Sample", "SharpBar.Sample\SharpBar.Sample.csproj", "{7DBBDC5A-0525-4317-B2F2-98EC08EA6026}"
EndProject
Project("{FAE04EC0-301F-11D3-BF4B-00C04F79EFBC}") = "SharpBar", "..\src\SharpBar\SharpBar.csproj", "{442240B4-5A08-4C79-B08B-9BCFB4072C18}"
EndProject
Global
	GlobalSection(SolutionConfigurationPlatforms) = preSolution
		Debug|Any CPU = Debug|Any CPU
		Debug|x64 = Debug|x64
		Debug|x86 = Debug|x86
		Release|Any CPU = Release|Any CPU
		Release|x64 = Release|x64
		Release|x86 = Release|x86
	EndGlobalSection
	GlobalSection(SolutionProperties) = preSolution
		HideSolutionNode = FALSE
	EndGlobalSection
	GlobalSection(ProjectConfigurationPlatforms) = postSolution
		{7DBBDC5A-0525-4317-B2F2-98EC08EA6026}.Debug|Any CPU.ActiveCfg = Debug|Any CPU
		{7DBBDC5A-0525-4317-B2F2-98EC08EA6026}.Debug|Any CPU.Build.0 = Debug|Any CPU
		{7DBBDC5A-0525-4317-B2F2-98EC08EA6026}.Debug|x64.ActiveCfg = Debug|Any CPU
		{7DBBDC5A-0525-4317-B2F2-98EC08EA6026}.Debug|x64.Build.0 = Debug|Any CPU
		{7DBBDC5A-0525-4317-B2F2-98EC08EA6026}.Debug|x86.ActiveCfg = Debug|Any CPU
		{7DBBDC5A-0525-4317-B2F2-98EC08EA6026}.Debug|x86.Build.0 = Debug|Any CPU
		{7DBBDC5A-0525-4317-B2F2-98EC08EA6026}.Release|Any CPU.ActiveCfg = Release|Any CPU
		{7DBBDC5A-0525-4317-B2F2-98EC08EA6026}.Release|Any CPU.Build.0 = Release|Any CPU
		{7DBBDC5A-0525-4317-B2F2-98EC08EA6026}.Release|x64.ActiveCfg = Release|Any CPU
		{7DBBDC5A-0525-4317-B2F2-98EC08EA6026}.Release|x64.Build.0 = Release|Any CPU
		{7DBBDC5A-0525-4317-B2F2-98EC08EA6026}.Release|x86.ActiveCfg = Release|Any CPU
		{7DBBDC5A-0525-4317-B2F2-98EC08EA6026}.Release|x86.Build.0 = Release|Any CPU
		{442240B4-5A08-4C79-B08B-9BCFB4072C18}.Debug|Any CPU.ActiveCfg = Debug|Any CPU
		{442240B4-5A08-4C79-B08B-9BCFB4072C18}.Debug|Any CPU.Build.0 = Debug|Any CPU
		{442240B4-5A08-4C79-B08B-9BCFB4072C18}.Debug|x64.ActiveCfg = Debug|Any CPU
		{442240B4-5A08-4C79-B08B-9BCFB4072C18}.Debug|x64.Build.0 = Debug|Any CPU
		{442240B4-5A08-4C79-B08B-9BCFB4072C18}.Debug|x86.ActiveCfg = Debug|Any CPU
		{442240B4-5A08-4C79-B08B-9BCFB4072C18}.Debug|x86.Build.0 = Debug|Any CPU
		{442240B4-5A08-4C79-B08B-9BCFB4072C18}.Release|Any CPU.ActiveCfg = Release|Any CPU
		{442240B4-5A08-4C79-B08B-9BCFB4072C18}.Release|Any CPU.Build.0 = Release|Any CPU
		{442240B4-5A08-4C79-B08B-9BCFB4072C18}.Release|x64.ActiveCfg = Release|Any CPU
		{442240B4-5A08-4C79-B08B-9BCFB4072C18}.Release|x64.Build.0 = Release|Any CPU
		{442240B4-5A08-4C79-B08B-9BCFB4072C18}.Release|x86.ActiveCfg = Release|Any CPU
		{442240B4-5A08-4C79-B08B-9BCFB4072C18}.Release|x86.Build.0 = Release|Any CPU
	EndGlobalSection
EndGlobal
